
Microsoft Visual Studio Solution File, Format Version 12.00
# Visual Studio Version 16
VisualStudioVersion = 16.0.30128.74
MinimumVisualStudioVersion = 10.0.40219.1
Project("{FAE04EC0-301F-11D3-BF4B-00C04F79EFBC}") = "MathQuiz", "MathQuiz.csproj", "{0BC8BE4D-B085-4EAC-B14C-079BD240DB64}"
EndProject
Global
	GlobalSection(SolutionConfigurationPlatforms) = preSolution
		Debug|Any CPU = Debug|Any CPU
		Release|Any CPU = Release|Any CPU
	EndGlobalSection
	GlobalSection(ProjectConfigurationPlatforms) = postSolution
		{0BC8BE4D-B085-4EAC-B14C-079BD240DB64}.Debug|Any CPU.ActiveCfg = Debug|Any CPU
		{0BC8BE4D-B085-4EAC-B14C-079BD240DB64}.Debug|Any CPU.Build.0 = Debug|Any CPU
		{0BC8BE4D-B085-4EAC-B14C-079BD240DB64}.Release|Any CPU.ActiveCfg = Release|Any CPU
		{0BC8BE4D-B085-4EAC-B14C-079BD240DB64}.Release|Any CPU.Build.0 = Release|Any CPU
	EndGlobalSection
	GlobalSection(SolutionProperties) = preSolution
		HideSolutionNode = FALSE
	EndGlobalSection
	GlobalSection(ExtensibilityGlobals) = postSolution
		SolutionGuid = {8CD85261-C49E-469A-B807-FE1A1617CA7C}
	EndGlobalSection
EndGlobal
